
Microsoft Visual Studio Solution File, Format Version 12.00
# Visual Studio Version 17
VisualStudioVersion = 17.8.34330.188
MinimumVisualStudioVersion = 10.0.40219.1
Project("{FAE04EC0-301F-11D3-BF4B-00C04F79EFBC}") = "gitapp", "gitapp\gitapp.csproj", "{C4C5D0BE-0F60-46B2-A1E4-0903831EFA9B}"
EndProject
Global
	GlobalSection(SolutionConfigurationPlatforms) = preSolution
		Debug|Any CPU = Debug|Any CPU
		Release|Any CPU = Release|Any CPU
	EndGlobalSection
	GlobalSection(ProjectConfigurationPlatforms) = postSolution
		{C4C5D0BE-0F60-46B2-A1E4-0903831EFA9B}.Debug|Any CPU.ActiveCfg = Debug|Any CPU
		{C4C5D0BE-0F60-46B2-A1E4-0903831EFA9B}.Debug|Any CPU.Build.0 = Debug|Any CPU
		{C4C5D0BE-0F60-46B2-A1E4-0903831EFA9B}.Release|Any CPU.ActiveCfg = Release|Any CPU
		{C4C5D0BE-0F60-46B2-A1E4-0903831EFA9B}.Release|Any CPU.Build.0 = Release|Any CPU
	EndGlobalSection
	GlobalSection(SolutionProperties) = preSolution
		HideSolutionNode = FALSE
	EndGlobalSection
	GlobalSection(ExtensibilityGlobals) = postSolution
		SolutionGuid = {A769BE5F-69B1-4FBD-B0AF-CD7BE84BACB7}
	EndGlobalSection
EndGlobal
